<?xml version="1.0" encoding="utf-8"?>
<Project ToolsVersion="4.0" xmlns="http://schemas.microsoft.com/developer/msbuild/2003">
  <ItemGroup>
    <Filter Include="Source Files">
      <UniqueIdentifier>{D25FA06A-A4E8-4402-AB7A-F10D728407A7}</UniqueIdentifier>
      <Extensions>cpp;c;cc;cxx;def;odl;idl;hpj;bat;asm;asmx</Extensions>
    </Filter>
    <Filter Include="Header Files">
      <UniqueIdentifier>{E720C6A3-BFBB-416A-BB69-91AD71A2BB73}</UniqueIdentifier>
      <Extensions>h;hpp;hxx;hm;inl;inc;xsd</Extensions>
    </Filter>
    <Filter Include="Resource Files">
      <UniqueIdentifier>{071A86DF-EB2B-492E-81F2-A130E83190EC}</UniqueIdentifier>
      <Extensions>rc;ico;cur;bmp;dlg;rc2;rct;bin;rgs;gif;jpg;jpeg;jpe;resx;tiff;tif;png;wav;pkm;frag;vert</Extensions>
    </Filter>
  </ItemGroup>
  <ItemGroup>
    <ClCompile Include="Fur.cpp">
      <Filter>Source Files</Filter>
    </ClCompile>
    <ClCompile Include="MAnimation.cpp">
      <Filter>Source Files</Filter>
    </ClCompile>
    <ClCompile Include="MArray.cpp">
      <Filter>Source Files</Filter>
    </ClCompile>
    <ClCompile Include="MBox.cpp">
      <Filter>Source Files</Filter>
    </ClCompile>
    <ClCompile Include="mCommon.cpp">
      <Filter>Source Files</Filter>
    </ClCompile>
    <ClCompile Include="MDRRenderer.cpp">
      <Filter>Source Files</Filter>
    </ClCompile>
    <ClCompile Include="MDRRendererPrimitive.cpp">
      <Filter>Source Files</Filter>
    </ClCompile>
    <ClCompile Include="MDRRendererProgram.cpp">
      <Filter>Source Files</Filter>
    </ClCompile>
    <ClCompile Include="MDRRendererTexture.cpp">
      <Filter>Source Files</Filter>
    </ClCompile>
    <ClCompile Include="MGeometryBase.cpp">
      <Filter>Source Files</Filter>
    </ClCompile>
    <ClCompile Include="MGeometryCone.cpp">
      <Filter>Source Files</Filter>
    </ClCompile>
    <ClCompile Include="MGeometryRectangle.cpp">
      <Filter>Source Files</Filter>
    </ClCompile>
    <ClCompile Include="MGeometrySphere.cpp">
      <Filter>Source Files</Filter>
    </ClCompile>
    <ClCompile Include="MImageTGA.cpp">
      <Filter>Source Files</Filter>
    </ClCompile>
    <ClCompile Include="MMatrix.cpp">
      <Filter>Source Files</Filter>
    </ClCompile>
    <ClCompile Include="MPathsManager.cpp">
      <Filter>Source Files</Filter>
    </ClCompile>
    <ClCompile Include="MRendererPrimitive.cpp">
      <Filter>Source Files</Filter>
    </ClCompile>
    <ClCompile Include="MRendererProgram.cpp">
      <Filter>Source Files</Filter>
    </ClCompile>
    <ClCompile Include="MString.cpp">
      <Filter>Source Files</Filter>
    </ClCompile>
    <ClCompile Include="MTime.cpp">
      <Filter>Source Files</Filter>
    </ClCompile>
    <ClCompile Include="MTransformation.cpp">
      <Filter>Source Files</Filter>
    </ClCompile>
    <ClCompile Include="MVector2.cpp">
      <Filter>Source Files</Filter>
    </ClCompile>
    <ClCompile Include="MVector3.cpp">
      <Filter>Source Files</Filter>
    </ClCompile>
    <ClCompile Include="MVector4.cpp">
      <Filter>Source Files</Filter>
    </ClCompile>
  </ItemGroup>
  <ItemGroup>
    <ClInclude Include="MAnimation.h">
      <Filter>Header Files</Filter>
    </ClInclude>
    <ClInclude Include="MArray.h">
      <Filter>Header Files</Filter>
    </ClInclude>
    <ClInclude Include="MBox.h">
      <Filter>Header Files</Filter>
    </ClInclude>
    <ClInclude Include="mCommon.h">
      <Filter>Header Files</Filter>
    </ClInclude>
    <ClInclude Include="MDRRenderer.h">
      <Filter>Header Files</Filter>
    </ClInclude>
    <ClInclude Include="MDRRendererPrimitive.h">
      <Filter>Header Files</Filter>
    </ClInclude>
    <ClInclude Include="MDRRendererProgram.h">
      <Filter>Header Files</Filter>
    </ClInclude>
    <ClInclude Include="MDRRendererTexture.h">
      <Filter>Header Files</Filter>
    </ClInclude>
    <ClInclude Include="MGeometryBase.h">
      <Filter>Header Files</Filter>
    </ClInclude>
    <ClInclude Include="MGeometryCone.h">
      <Filter>Header Files</Filter>
    </ClInclude>
    <ClInclude Include="MGeometryRectangle.h">
      <Filter>Header Files</Filter>
    </ClInclude>
    <ClInclude Include="MGeometrySphere.h">
      <Filter>Header Files</Filter>
    </ClInclude>
    <ClInclude Include="MImageTGA.h">
      <Filter>Header Files</Filter>
    </ClInclude>
    <ClInclude Include="MMatrix.h">
      <Filter>Header Files</Filter>
    </ClInclude>
    <ClInclude Include="MMatrixImpl.h">
      <Filter>Header Files</Filter>
    </ClInclude>
    <ClInclude Include="MPathsManager.h">
      <Filter>Header Files</Filter>
    </ClInclude>
    <ClInclude Include="MRendererPrimitive.h">
      <Filter>Header Files</Filter>
    </ClInclude>
    <ClInclude Include="MRendererProgram.h">
      <Filter>Header Files</Filter>
    </ClInclude>
    <ClInclude Include="MString.h">
      <Filter>Header Files</Filter>
    </ClInclude>
    <ClInclude Include="MTime.h">
      <Filter>Header Files</Filter>
    </ClInclude>
    <ClInclude Include="MTransformation.h">
      <Filter>Header Files</Filter>
    </ClInclude>
    <ClInclude Include="MVector2.h">
      <Filter>Header Files</Filter>
    </ClInclude>
    <ClInclude Include="MVector3.h">
      <Filter>Header Files</Filter>
    </ClInclude>
    <ClInclude Include="MVector4.h">
      <Filter>Header Files</Filter>
    </ClInclude>
  </ItemGroup>
  <ItemGroup>
    <None Include="assets\Fur_text.frag">
      <Filter>Resource Files</Filter>
    </None>
    <None Include="assets\Fur_text.vert">
      <Filter>Resource Files</Filter>
    </None>
  </ItemGroup>
</Project>