<?xml version="1.0" encoding="utf-8"?>
<Project ToolsVersion="4.0" xmlns="http://schemas.microsoft.com/developer/msbuild/2003">
  <ItemGroup>
    <Filter Include="Source Files">
      <UniqueIdentifier>{751692FF-BF2B-4138-A214-1E2E5725E925}</UniqueIdentifier>
      <Extensions>cpp;c;cc;cxx;def;odl;idl;hpj;bat;asm;asmx</Extensions>
    </Filter>
    <Filter Include="Header Files">
      <UniqueIdentifier>{C2BD308B-48D5-49BD-8D7A-CA065542CB36}</UniqueIdentifier>
      <Extensions>h;hpp;hxx;hm;inl;inc;xsd</Extensions>
    </Filter>
    <Filter Include="Resource Files">
      <UniqueIdentifier>{4A83D271-E6D0-464F-A9A7-B1C00C9BBD56}</UniqueIdentifier>
      <Extensions>rc;ico;cur;bmp;dlg;rc2;rct;bin;rgs;gif;jpg;jpeg;jpe;resx;tiff;tif;png;wav;pkm;frag;vert</Extensions>
    </Filter>
  </ItemGroup>
  <ItemGroup>
    <ClCompile Include="FetchDepth.cpp">
      <Filter>Source Files</Filter>
    </ClCompile>
  </ItemGroup>
  <ItemGroup>
    <ClInclude Include="FetchDepth.h">
      <Filter>Header Files</Filter>
    </ClInclude>
  </ItemGroup>
  <ItemGroup>
    <None Include="assets\FetchDepth_cube.frag">
      <Filter>Resource Files</Filter>
    </None>
    <None Include="assets\FetchDepth_cube.vert">
      <Filter>Resource Files</Filter>
    </None>
    <None Include="assets\FetchDepth_glass.frag">
      <Filter>Resource Files</Filter>
    </None>
    <None Include="assets\FetchDepth_glass.vert">
      <Filter>Resource Files</Filter>
    </None>
    <None Include="assets\FetchDepth_glass_rtt.frag">
      <Filter>Resource Files</Filter>
    </None>
  </ItemGroup>
</Project>
